
Microsoft Visual Studio Solution File, Format Version 12.00
# Visual Studio Version 16
VisualStudioVersion = 16.0.29123.88
MinimumVisualStudioVersion = 10.0.40219.1
Project("{2150E333-8FDC-42A3-9474-1A3956D46DE8}") = "Source", "Source", "{3B2738FB-A0A4-44CA-A493-6BE9628E6C8D}"
EndProject
Project("{2150E333-8FDC-42A3-9474-1A3956D46DE8}") = "Douments", "Douments", "{1C409804-0E92-4995-8AE0-A6C08E89EDEA}"
EndProject
Project("{2150E333-8FDC-42A3-9474-1A3956D46DE8}") = "Test", "Test", "{6B2CCF27-1C25-4F21-A4FC-8193762F12DD}"
EndProject
Project("{9A19103F-16F7-4668-BE54-9A1E7A4F7556}") = "Diba.Core.Domain.Unit.Test", "Test\Diba.Core.Domain.Unit.Test\Diba.Core.Domain.Unit.Test.csproj", "{887AE3CD-9DDF-47F1-9BCC-84F66A4CC5B8}"
EndProject
Project("{2150E333-8FDC-42A3-9474-1A3956D46DE8}") = "Diba.Core", "Diba.Core", "{915E936C-CCCB-4243-8770-69672C904C12}"
EndProject
Project("{2150E333-8FDC-42A3-9474-1A3956D46DE8}") = "Diba.presentation", "Diba.presentation", "{4E3B369A-D53E-4B0D-98D6-C379AEDE0DEE}"
EndProject
Project("{9A19103F-16F7-4668-BE54-9A1E7A4F7556}") = "Diba.Core.AppService", "Source\Diba.Core\Diba.Core.AppService\Diba.Core.AppService.csproj", "{40EBDDA6-B303-43D5-9122-24C1DCFD4B46}"
EndProject
Project("{9A19103F-16F7-4668-BE54-9A1E7A4F7556}") = "Diba.Core.AppService.Contract", "Source\Diba.Core\Diba.Core.AppService.Contract\Diba.Core.AppService.Contract.csproj", "{5427FE5F-B9BC-4DB2-A6B7-DE3ED592BAD9}"
EndProject
Project("{9A19103F-16F7-4668-BE54-9A1E7A4F7556}") = "Diba.Core.Common", "Source\Diba.Core\Diba.Core.Common\Diba.Core.Common.csproj", "{E1D5FB56-BBF4-4CED-986B-49D6A6FD7BC8}"
EndProject
Project("{9A19103F-16F7-4668-BE54-9A1E7A4F7556}") = "Diba.Core.Data", "Source\Diba.Core\Diba.Core.Data\Diba.Core.Data.csproj", "{F71E1176-058D-4DA7-AAD8-81C44C47AACD}"
EndProject
Project("{9A19103F-16F7-4668-BE54-9A1E7A4F7556}") = "Diba.Core.Domain", "Source\Diba.Core\Diba.Core.Domain\Diba.Core.Domain.csproj", "{E7C7A0DD-3A22-48DD-A3FA-FA77B5AB23C2}"
EndProject
Project("{9A19103F-16F7-4668-BE54-9A1E7A4F7556}") = "Diba.Core.Models", "Source\Diba.Core\Diba.Core.Models\Diba.Core.Models.csproj", "{BD48DB8B-3298-4FFB-BD64-08DD6753DE80}"
EndProject
Project("{9A19103F-16F7-4668-BE54-9A1E7A4F7556}") = "Diba.Core.WebApi", "Source\Diba.Core\Diba.Core.WebApi\Diba.Core.WebApi.csproj", "{CF2642E5-7344-47EB-86B9-C869D56068CD}"
EndProject
Project("{FAE04EC0-301F-11D3-BF4B-00C04F79EFBC}") = "Diba.Desktop", "Source\Diba.Presentation\Diba.Desktop\Diba.Desktop.csproj", "{8CE124A3-D30C-4401-9559-7C6A56EDC90F}"
EndProject
Global
	GlobalSection(SolutionConfigurationPlatforms) = preSolution
		Debug|Any CPU = Debug|Any CPU
		Release|Any CPU = Release|Any CPU
	EndGlobalSection
	GlobalSection(ProjectConfigurationPlatforms) = postSolution
		{887AE3CD-9DDF-47F1-9BCC-84F66A4CC5B8}.Debug|Any CPU.ActiveCfg = Debug|Any CPU
		{887AE3CD-9DDF-47F1-9BCC-84F66A4CC5B8}.Debug|Any CPU.Build.0 = Debug|Any CPU
		{887AE3CD-9DDF-47F1-9BCC-84F66A4CC5B8}.Release|Any CPU.ActiveCfg = Release|Any CPU
		{887AE3CD-9DDF-47F1-9BCC-84F66A4CC5B8}.Release|Any CPU.Build.0 = Release|Any CPU
		{40EBDDA6-B303-43D5-9122-24C1DCFD4B46}.Debug|Any CPU.ActiveCfg = Debug|Any CPU
		{40EBDDA6-B303-43D5-9122-24C1DCFD4B46}.Debug|Any CPU.Build.0 = Debug|Any CPU
		{40EBDDA6-B303-43D5-9122-24C1DCFD4B46}.Release|Any CPU.ActiveCfg = Release|Any CPU
		{40EBDDA6-B303-43D5-9122-24C1DCFD4B46}.Release|Any CPU.Build.0 = Release|Any CPU
		{5427FE5F-B9BC-4DB2-A6B7-DE3ED592BAD9}.Debug|Any CPU.ActiveCfg = Debug|Any CPU
		{5427FE5F-B9BC-4DB2-A6B7-DE3ED592BAD9}.Debug|Any CPU.Build.0 = Debug|Any CPU
		{5427FE5F-B9BC-4DB2-A6B7-DE3ED592BAD9}.Release|Any CPU.ActiveCfg = Release|Any CPU
		{5427FE5F-B9BC-4DB2-A6B7-DE3ED592BAD9}.Release|Any CPU.Build.0 = Release|Any CPU
		{E1D5FB56-BBF4-4CED-986B-49D6A6FD7BC8}.Debug|Any CPU.ActiveCfg = Debug|Any CPU
		{E1D5FB56-BBF4-4CED-986B-49D6A6FD7BC8}.Debug|Any CPU.Build.0 = Debug|Any CPU
		{E1D5FB56-BBF4-4CED-986B-49D6A6FD7BC8}.Release|Any CPU.ActiveCfg = Release|Any CPU
		{E1D5FB56-BBF4-4CED-986B-49D6A6FD7BC8}.Release|Any CPU.Build.0 = Release|Any CPU
		{F71E1176-058D-4DA7-AAD8-81C44C47AACD}.Debug|Any CPU.ActiveCfg = Debug|Any CPU
		{F71E1176-058D-4DA7-AAD8-81C44C47AACD}.Debug|Any CPU.Build.0 = Debug|Any CPU
		{F71E1176-058D-4DA7-AAD8-81C44C47AACD}.Release|Any CPU.ActiveCfg = Release|Any CPU
		{F71E1176-058D-4DA7-AAD8-81C44C47AACD}.Release|Any CPU.Build.0 = Release|Any CPU
		{E7C7A0DD-3A22-48DD-A3FA-FA77B5AB23C2}.Debug|Any CPU.ActiveCfg = Debug|Any CPU
		{E7C7A0DD-3A22-48DD-A3FA-FA77B5AB23C2}.Debug|Any CPU.Build.0 = Debug|Any CPU
		{E7C7A0DD-3A22-48DD-A3FA-FA77B5AB23C2}.Release|Any CPU.ActiveCfg = Release|Any CPU
		{E7C7A0DD-3A22-48DD-A3FA-FA77B5AB23C2}.Release|Any CPU.Build.0 = Release|Any CPU
		{BD48DB8B-3298-4FFB-BD64-08DD6753DE80}.Debug|Any CPU.ActiveCfg = Debug|Any CPU
		{BD48DB8B-3298-4FFB-BD64-08DD6753DE80}.Debug|Any CPU.Build.0 = Debug|Any CPU
		{BD48DB8B-3298-4FFB-BD64-08DD6753DE80}.Release|Any CPU.ActiveCfg = Release|Any CPU
		{BD48DB8B-3298-4FFB-BD64-08DD6753DE80}.Release|Any CPU.Build.0 = Release|Any CPU
		{CF2642E5-7344-47EB-86B9-C869D56068CD}.Debug|Any CPU.ActiveCfg = Debug|Any CPU
		{CF2642E5-7344-47EB-86B9-C869D56068CD}.Debug|Any CPU.Build.0 = Debug|Any CPU
		{CF2642E5-7344-47EB-86B9-C869D56068CD}.Release|Any CPU.ActiveCfg = Release|Any CPU
		{CF2642E5-7344-47EB-86B9-C869D56068CD}.Release|Any CPU.Build.0 = Release|Any CPU
		{8CE124A3-D30C-4401-9559-7C6A56EDC90F}.Debug|Any CPU.ActiveCfg = Debug|Any CPU
		{8CE124A3-D30C-4401-9559-7C6A56EDC90F}.Debug|Any CPU.Build.0 = Debug|Any CPU
		{8CE124A3-D30C-4401-9559-7C6A56EDC90F}.Release|Any CPU.ActiveCfg = Release|Any CPU
		{8CE124A3-D30C-4401-9559-7C6A56EDC90F}.Release|Any CPU.Build.0 = Release|Any CPU
	EndGlobalSection
	GlobalSection(SolutionProperties) = preSolution
		HideSolutionNode = FALSE
	EndGlobalSection
	GlobalSection(NestedProjects) = preSolution
		{887AE3CD-9DDF-47F1-9BCC-84F66A4CC5B8} = {6B2CCF27-1C25-4F21-A4FC-8193762F12DD}
		{915E936C-CCCB-4243-8770-69672C904C12} = {3B2738FB-A0A4-44CA-A493-6BE9628E6C8D}
		{4E3B369A-D53E-4B0D-98D6-C379AEDE0DEE} = {3B2738FB-A0A4-44CA-A493-6BE9628E6C8D}
		{40EBDDA6-B303-43D5-9122-24C1DCFD4B46} = {915E936C-CCCB-4243-8770-69672C904C12}
		{5427FE5F-B9BC-4DB2-A6B7-DE3ED592BAD9} = {915E936C-CCCB-4243-8770-69672C904C12}
		{E1D5FB56-BBF4-4CED-986B-49D6A6FD7BC8} = {915E936C-CCCB-4243-8770-69672C904C12}
		{F71E1176-058D-4DA7-AAD8-81C44C47AACD} = {915E936C-CCCB-4243-8770-69672C904C12}
		{E7C7A0DD-3A22-48DD-A3FA-FA77B5AB23C2} = {915E936C-CCCB-4243-8770-69672C904C12}
		{BD48DB8B-3298-4FFB-BD64-08DD6753DE80} = {915E936C-CCCB-4243-8770-69672C904C12}
		{CF2642E5-7344-47EB-86B9-C869D56068CD} = {915E936C-CCCB-4243-8770-69672C904C12}
		{8CE124A3-D30C-4401-9559-7C6A56EDC90F} = {4E3B369A-D53E-4B0D-98D6-C379AEDE0DEE}
	EndGlobalSection
	GlobalSection(ExtensibilityGlobals) = postSolution
		SolutionGuid = {7D03F541-7D55-4EE0-824F-1587C9A88CD7}
	EndGlobalSection
EndGlobal
