
Microsoft Visual Studio Solution File, Format Version 12.00
# Visual Studio Version 16
VisualStudioVersion = 16.0.29123.88
MinimumVisualStudioVersion = 10.0.40219.1
Project("{2150E333-8FDC-42A3-9474-1A3956D46DE8}") = "Source", "Source", "{3B2738FB-A0A4-44CA-A493-6BE9628E6C8D}"
EndProject
Project("{2150E333-8FDC-42A3-9474-1A3956D46DE8}") = "Diba.Core", "Diba.Core", "{3FE100BF-65D6-4A8B-A52E-E9AC88E2C67D}"
EndProject
Project("{2150E333-8FDC-42A3-9474-1A3956D46DE8}") = "Diba.Presentation", "Diba.Presentation", "{314B85BB-D742-4366-8553-439EC73765FB}"
EndProject
Project("{9A19103F-16F7-4668-BE54-9A1E7A4F7556}") = "Diba.Core.Common", "Diba.Core\Diba.Core.Common\Diba.Core.Common.csproj", "{0F9425EA-7FB3-4B34-8597-48FB2A18A0F5}"
EndProject
Project("{9A19103F-16F7-4668-BE54-9A1E7A4F7556}") = "Diba.Core.Domain", "Diba.Core\Diba.Core.Domain\Diba.Core.Domain.csproj", "{95DBEA59-D09F-4535-A28C-A76668E9AD7A}"
EndProject
Project("{9A19103F-16F7-4668-BE54-9A1E7A4F7556}") = "Diba.Core.WebApi", "Diba.Core\Diba.Core.WebApi\Diba.Core.WebApi.csproj", "{9C71CF3B-B07A-45CD-AF1E-15A0A9D0B7C7}"
EndProject
Project("{2150E333-8FDC-42A3-9474-1A3956D46DE8}") = "Douments", "Douments", "{1C409804-0E92-4995-8AE0-A6C08E89EDEA}"
EndProject
Project("{FAE04EC0-301F-11D3-BF4B-00C04F79EFBC}") = "Diba.Desktop", "Diba.Presentation\Diba.Desktop\Diba.Desktop.csproj", "{8CE124A3-D30C-4401-9559-7C6A56EDC90F}"
EndProject
Project("{2150E333-8FDC-42A3-9474-1A3956D46DE8}") = "Diba.Testing", "Diba.Testing", "{1C7D25C5-0448-4074-8BAD-209B39534733}"
EndProject
Project("{9A19103F-16F7-4668-BE54-9A1E7A4F7556}") = "Diba.Core.Data", "Diba.Core\Diba.Core.Data\Diba.Core.Data.csproj", "{9582BC8B-E2ED-43A9-B0D4-E215AF4370F2}"
EndProject
Project("{9A19103F-16F7-4668-BE54-9A1E7A4F7556}") = "Diba.Core.AppService", "Diba.Core\Diba.Core.AppService\Diba.Core.AppService.csproj", "{9C362097-208E-491D-9051-80C4F05335C4}"
EndProject
Project("{9A19103F-16F7-4668-BE54-9A1E7A4F7556}") = "Diba.Core.AppService.Contract", "Diba.Core\Diba.Core.AppService.Contract\Diba.Core.AppService.Contract.csproj", "{205DE362-54CB-46AB-A051-0A5537B06BF1}"
EndProject
Global
	GlobalSection(SolutionConfigurationPlatforms) = preSolution
		Debug|Any CPU = Debug|Any CPU
		Release|Any CPU = Release|Any CPU
	EndGlobalSection
	GlobalSection(ProjectConfigurationPlatforms) = postSolution
		{0F9425EA-7FB3-4B34-8597-48FB2A18A0F5}.Debug|Any CPU.ActiveCfg = Debug|Any CPU
		{0F9425EA-7FB3-4B34-8597-48FB2A18A0F5}.Debug|Any CPU.Build.0 = Debug|Any CPU
		{0F9425EA-7FB3-4B34-8597-48FB2A18A0F5}.Release|Any CPU.ActiveCfg = Release|Any CPU
		{0F9425EA-7FB3-4B34-8597-48FB2A18A0F5}.Release|Any CPU.Build.0 = Release|Any CPU
		{95DBEA59-D09F-4535-A28C-A76668E9AD7A}.Debug|Any CPU.ActiveCfg = Debug|Any CPU
		{95DBEA59-D09F-4535-A28C-A76668E9AD7A}.Debug|Any CPU.Build.0 = Debug|Any CPU
		{95DBEA59-D09F-4535-A28C-A76668E9AD7A}.Release|Any CPU.ActiveCfg = Release|Any CPU
		{95DBEA59-D09F-4535-A28C-A76668E9AD7A}.Release|Any CPU.Build.0 = Release|Any CPU
		{9C71CF3B-B07A-45CD-AF1E-15A0A9D0B7C7}.Debug|Any CPU.ActiveCfg = Debug|Any CPU
		{9C71CF3B-B07A-45CD-AF1E-15A0A9D0B7C7}.Debug|Any CPU.Build.0 = Debug|Any CPU
		{9C71CF3B-B07A-45CD-AF1E-15A0A9D0B7C7}.Release|Any CPU.ActiveCfg = Release|Any CPU
		{9C71CF3B-B07A-45CD-AF1E-15A0A9D0B7C7}.Release|Any CPU.Build.0 = Release|Any CPU
		{8CE124A3-D30C-4401-9559-7C6A56EDC90F}.Debug|Any CPU.ActiveCfg = Debug|Any CPU
		{8CE124A3-D30C-4401-9559-7C6A56EDC90F}.Debug|Any CPU.Build.0 = Debug|Any CPU
		{8CE124A3-D30C-4401-9559-7C6A56EDC90F}.Release|Any CPU.ActiveCfg = Release|Any CPU
		{8CE124A3-D30C-4401-9559-7C6A56EDC90F}.Release|Any CPU.Build.0 = Release|Any CPU
		{9582BC8B-E2ED-43A9-B0D4-E215AF4370F2}.Debug|Any CPU.ActiveCfg = Debug|Any CPU
		{9582BC8B-E2ED-43A9-B0D4-E215AF4370F2}.Debug|Any CPU.Build.0 = Debug|Any CPU
		{9582BC8B-E2ED-43A9-B0D4-E215AF4370F2}.Release|Any CPU.ActiveCfg = Release|Any CPU
		{9582BC8B-E2ED-43A9-B0D4-E215AF4370F2}.Release|Any CPU.Build.0 = Release|Any CPU
		{9C362097-208E-491D-9051-80C4F05335C4}.Debug|Any CPU.ActiveCfg = Debug|Any CPU
		{9C362097-208E-491D-9051-80C4F05335C4}.Debug|Any CPU.Build.0 = Debug|Any CPU
		{9C362097-208E-491D-9051-80C4F05335C4}.Release|Any CPU.ActiveCfg = Release|Any CPU
		{9C362097-208E-491D-9051-80C4F05335C4}.Release|Any CPU.Build.0 = Release|Any CPU
		{205DE362-54CB-46AB-A051-0A5537B06BF1}.Debug|Any CPU.ActiveCfg = Debug|Any CPU
		{205DE362-54CB-46AB-A051-0A5537B06BF1}.Debug|Any CPU.Build.0 = Debug|Any CPU
		{205DE362-54CB-46AB-A051-0A5537B06BF1}.Release|Any CPU.ActiveCfg = Release|Any CPU
		{205DE362-54CB-46AB-A051-0A5537B06BF1}.Release|Any CPU.Build.0 = Release|Any CPU
	EndGlobalSection
	GlobalSection(SolutionProperties) = preSolution
		HideSolutionNode = FALSE
	EndGlobalSection
	GlobalSection(NestedProjects) = preSolution
		{3FE100BF-65D6-4A8B-A52E-E9AC88E2C67D} = {3B2738FB-A0A4-44CA-A493-6BE9628E6C8D}
		{314B85BB-D742-4366-8553-439EC73765FB} = {3B2738FB-A0A4-44CA-A493-6BE9628E6C8D}
		{0F9425EA-7FB3-4B34-8597-48FB2A18A0F5} = {3FE100BF-65D6-4A8B-A52E-E9AC88E2C67D}
		{95DBEA59-D09F-4535-A28C-A76668E9AD7A} = {3FE100BF-65D6-4A8B-A52E-E9AC88E2C67D}
		{9C71CF3B-B07A-45CD-AF1E-15A0A9D0B7C7} = {3FE100BF-65D6-4A8B-A52E-E9AC88E2C67D}
		{8CE124A3-D30C-4401-9559-7C6A56EDC90F} = {314B85BB-D742-4366-8553-439EC73765FB}
		{1C7D25C5-0448-4074-8BAD-209B39534733} = {3B2738FB-A0A4-44CA-A493-6BE9628E6C8D}
		{9582BC8B-E2ED-43A9-B0D4-E215AF4370F2} = {3FE100BF-65D6-4A8B-A52E-E9AC88E2C67D}
		{9C362097-208E-491D-9051-80C4F05335C4} = {3FE100BF-65D6-4A8B-A52E-E9AC88E2C67D}
		{205DE362-54CB-46AB-A051-0A5537B06BF1} = {3FE100BF-65D6-4A8B-A52E-E9AC88E2C67D}
	EndGlobalSection
	GlobalSection(ExtensibilityGlobals) = postSolution
		SolutionGuid = {7D03F541-7D55-4EE0-824F-1587C9A88CD7}
	EndGlobalSection
EndGlobal
